
Microsoft Visual Studio Solution File, Format Version 12.00
# Visual Studio Version 16
VisualStudioVersion = 16.0.30204.135
MinimumVisualStudioVersion = 10.0.40219.1
Project("{FAE04EC0-301F-11D3-BF4B-00C04F79EFBC}") = "Ex1", "Ex1\Ex1.csproj", "{95F9DBC4-C3B0-449A-B80D-EA051C72DDCC}"
EndProject
Global
	GlobalSection(SolutionConfigurationPlatforms) = preSolution
		Debug|Any CPU = Debug|Any CPU
		Release|Any CPU = Release|Any CPU
	EndGlobalSection
	GlobalSection(ProjectConfigurationPlatforms) = postSolution
		{95F9DBC4-C3B0-449A-B80D-EA051C72DDCC}.Debug|Any CPU.ActiveCfg = Debug|Any CPU
		{95F9DBC4-C3B0-449A-B80D-EA051C72DDCC}.Debug|Any CPU.Build.0 = Debug|Any CPU
		{95F9DBC4-C3B0-449A-B80D-EA051C72DDCC}.Release|Any CPU.ActiveCfg = Release|Any CPU
		{95F9DBC4-C3B0-449A-B80D-EA051C72DDCC}.Release|Any CPU.Build.0 = Release|Any CPU
	EndGlobalSection
	GlobalSection(SolutionProperties) = preSolution
		HideSolutionNode = FALSE
	EndGlobalSection
	GlobalSection(ExtensibilityGlobals) = postSolution
		SolutionGuid = {324EA355-6D60-4D84-B74C-7B04F22A26C6}
	EndGlobalSection
EndGlobal
